
Microsoft Visual Studio Solution File, Format Version 12.00
# Visual Studio Version 17
VisualStudioVersion = 17.8.34525.116
MinimumVisualStudioVersion = 10.0.40219.1
Project("{FAE04EC0-301F-11D3-BF4B-00C04F79EFBC}") = "Uppgift 6.3", "Uppgift 6.3\Uppgift 6.3.csproj", "{B2A45450-D149-4B5E-9C0E-BAC2C48A760F}"
EndProject
Global
	GlobalSection(SolutionConfigurationPlatforms) = preSolution
		Debug|Any CPU = Debug|Any CPU
		Release|Any CPU = Release|Any CPU
	EndGlobalSection
	GlobalSection(ProjectConfigurationPlatforms) = postSolution
		{B2A45450-D149-4B5E-9C0E-BAC2C48A760F}.Debug|Any CPU.ActiveCfg = Debug|Any CPU
		{B2A45450-D149-4B5E-9C0E-BAC2C48A760F}.Debug|Any CPU.Build.0 = Debug|Any CPU
		{B2A45450-D149-4B5E-9C0E-BAC2C48A760F}.Release|Any CPU.ActiveCfg = Release|Any CPU
		{B2A45450-D149-4B5E-9C0E-BAC2C48A760F}.Release|Any CPU.Build.0 = Release|Any CPU
	EndGlobalSection
	GlobalSection(SolutionProperties) = preSolution
		HideSolutionNode = FALSE
	EndGlobalSection
	GlobalSection(ExtensibilityGlobals) = postSolution
		SolutionGuid = {72349FE5-4AC0-494A-895E-8FC27E9769DC}
	EndGlobalSection
EndGlobal
